
Microsoft Visual Studio Solution File, Format Version 12.00
# Visual Studio 15
VisualStudioVersion = 15.0.26124.0
MinimumVisualStudioVersion = 15.0.26124.0
Project("{2150E333-8FDC-42A3-9474-1A3956D46DE8}") = "src", "src", "{BCB2EAC4-18E1-4CD2-A155-3F6F24AE5C3C}"
EndProject
Project("{FAE04EC0-301F-11D3-BF4B-00C04F79EFBC}") = "E5R.Architecture.Core", "src\E5R.Architecture.Core\E5R.Architecture.Core.csproj", "{6B0605F2-241C-477C-A001-EB97A381BC19}"
EndProject
Project("{2150E333-8FDC-42A3-9474-1A3956D46DE8}") = "test", "test", "{241F0BED-1992-44B7-8B1B-7EBB3C82010C}"
EndProject
Project("{FAE04EC0-301F-11D3-BF4B-00C04F79EFBC}") = "E5R.Architecture.Core.Test", "test\E5R.Architecture.Core.Test\E5R.Architecture.Core.Test.csproj", "{3132528D-ACFB-4009-A8BE-7D63F70E3FBF}"
EndProject
Project("{FAE04EC0-301F-11D3-BF4B-00C04F79EFBC}") = "E5R.Architecture.Data", "src\E5R.Architecture.Data\E5R.Architecture.Data.csproj", "{B747AE53-26B0-4CC2-A9BF-A96D038F8501}"
EndProject
Project("{FAE04EC0-301F-11D3-BF4B-00C04F79EFBC}") = "E5R.Architecture.Data.Test", "test\E5R.Architecture.Data.Test\E5R.Architecture.Data.Test.csproj", "{FF26C1F3-8D3F-49A0-9820-1A7DCD4B52DC}"
EndProject
Global
	GlobalSection(SolutionConfigurationPlatforms) = preSolution
		Debug|Any CPU = Debug|Any CPU
		Debug|x64 = Debug|x64
		Debug|x86 = Debug|x86
		Release|Any CPU = Release|Any CPU
		Release|x64 = Release|x64
		Release|x86 = Release|x86
	EndGlobalSection
	GlobalSection(SolutionProperties) = preSolution
		HideSolutionNode = FALSE
	EndGlobalSection
	GlobalSection(ProjectConfigurationPlatforms) = postSolution
		{6B0605F2-241C-477C-A001-EB97A381BC19}.Debug|Any CPU.ActiveCfg = Debug|Any CPU
		{6B0605F2-241C-477C-A001-EB97A381BC19}.Debug|Any CPU.Build.0 = Debug|Any CPU
		{6B0605F2-241C-477C-A001-EB97A381BC19}.Debug|x64.ActiveCfg = Debug|x64
		{6B0605F2-241C-477C-A001-EB97A381BC19}.Debug|x64.Build.0 = Debug|x64
		{6B0605F2-241C-477C-A001-EB97A381BC19}.Debug|x86.ActiveCfg = Debug|x86
		{6B0605F2-241C-477C-A001-EB97A381BC19}.Debug|x86.Build.0 = Debug|x86
		{6B0605F2-241C-477C-A001-EB97A381BC19}.Release|Any CPU.ActiveCfg = Release|Any CPU
		{6B0605F2-241C-477C-A001-EB97A381BC19}.Release|Any CPU.Build.0 = Release|Any CPU
		{6B0605F2-241C-477C-A001-EB97A381BC19}.Release|x64.ActiveCfg = Release|x64
		{6B0605F2-241C-477C-A001-EB97A381BC19}.Release|x64.Build.0 = Release|x64
		{6B0605F2-241C-477C-A001-EB97A381BC19}.Release|x86.ActiveCfg = Release|x86
		{6B0605F2-241C-477C-A001-EB97A381BC19}.Release|x86.Build.0 = Release|x86
		{3132528D-ACFB-4009-A8BE-7D63F70E3FBF}.Debug|Any CPU.ActiveCfg = Debug|Any CPU
		{3132528D-ACFB-4009-A8BE-7D63F70E3FBF}.Debug|Any CPU.Build.0 = Debug|Any CPU
		{3132528D-ACFB-4009-A8BE-7D63F70E3FBF}.Debug|x64.ActiveCfg = Debug|x64
		{3132528D-ACFB-4009-A8BE-7D63F70E3FBF}.Debug|x64.Build.0 = Debug|x64
		{3132528D-ACFB-4009-A8BE-7D63F70E3FBF}.Debug|x86.ActiveCfg = Debug|x86
		{3132528D-ACFB-4009-A8BE-7D63F70E3FBF}.Debug|x86.Build.0 = Debug|x86
		{3132528D-ACFB-4009-A8BE-7D63F70E3FBF}.Release|Any CPU.ActiveCfg = Release|Any CPU
		{3132528D-ACFB-4009-A8BE-7D63F70E3FBF}.Release|Any CPU.Build.0 = Release|Any CPU
		{3132528D-ACFB-4009-A8BE-7D63F70E3FBF}.Release|x64.ActiveCfg = Release|x64
		{3132528D-ACFB-4009-A8BE-7D63F70E3FBF}.Release|x64.Build.0 = Release|x64
		{3132528D-ACFB-4009-A8BE-7D63F70E3FBF}.Release|x86.ActiveCfg = Release|x86
		{3132528D-ACFB-4009-A8BE-7D63F70E3FBF}.Release|x86.Build.0 = Release|x86
		{B747AE53-26B0-4CC2-A9BF-A96D038F8501}.Debug|Any CPU.ActiveCfg = Debug|Any CPU
		{B747AE53-26B0-4CC2-A9BF-A96D038F8501}.Debug|Any CPU.Build.0 = Debug|Any CPU
		{B747AE53-26B0-4CC2-A9BF-A96D038F8501}.Debug|x64.ActiveCfg = Debug|x64
		{B747AE53-26B0-4CC2-A9BF-A96D038F8501}.Debug|x64.Build.0 = Debug|x64
		{B747AE53-26B0-4CC2-A9BF-A96D038F8501}.Debug|x86.ActiveCfg = Debug|x86
		{B747AE53-26B0-4CC2-A9BF-A96D038F8501}.Debug|x86.Build.0 = Debug|x86
		{B747AE53-26B0-4CC2-A9BF-A96D038F8501}.Release|Any CPU.ActiveCfg = Release|Any CPU
		{B747AE53-26B0-4CC2-A9BF-A96D038F8501}.Release|Any CPU.Build.0 = Release|Any CPU
		{B747AE53-26B0-4CC2-A9BF-A96D038F8501}.Release|x64.ActiveCfg = Release|x64
		{B747AE53-26B0-4CC2-A9BF-A96D038F8501}.Release|x64.Build.0 = Release|x64
		{B747AE53-26B0-4CC2-A9BF-A96D038F8501}.Release|x86.ActiveCfg = Release|x86
		{B747AE53-26B0-4CC2-A9BF-A96D038F8501}.Release|x86.Build.0 = Release|x86
		{FF26C1F3-8D3F-49A0-9820-1A7DCD4B52DC}.Debug|Any CPU.ActiveCfg = Debug|Any CPU
		{FF26C1F3-8D3F-49A0-9820-1A7DCD4B52DC}.Debug|Any CPU.Build.0 = Debug|Any CPU
		{FF26C1F3-8D3F-49A0-9820-1A7DCD4B52DC}.Debug|x64.ActiveCfg = Debug|x64
		{FF26C1F3-8D3F-49A0-9820-1A7DCD4B52DC}.Debug|x64.Build.0 = Debug|x64
		{FF26C1F3-8D3F-49A0-9820-1A7DCD4B52DC}.Debug|x86.ActiveCfg = Debug|x86
		{FF26C1F3-8D3F-49A0-9820-1A7DCD4B52DC}.Debug|x86.Build.0 = Debug|x86
		{FF26C1F3-8D3F-49A0-9820-1A7DCD4B52DC}.Release|Any CPU.ActiveCfg = Release|Any CPU
		{FF26C1F3-8D3F-49A0-9820-1A7DCD4B52DC}.Release|Any CPU.Build.0 = Release|Any CPU
		{FF26C1F3-8D3F-49A0-9820-1A7DCD4B52DC}.Release|x64.ActiveCfg = Release|x64
		{FF26C1F3-8D3F-49A0-9820-1A7DCD4B52DC}.Release|x64.Build.0 = Release|x64
		{FF26C1F3-8D3F-49A0-9820-1A7DCD4B52DC}.Release|x86.ActiveCfg = Release|x86
		{FF26C1F3-8D3F-49A0-9820-1A7DCD4B52DC}.Release|x86.Build.0 = Release|x86
	EndGlobalSection
	GlobalSection(NestedProjects) = preSolution
		{6B0605F2-241C-477C-A001-EB97A381BC19} = {BCB2EAC4-18E1-4CD2-A155-3F6F24AE5C3C}
		{3132528D-ACFB-4009-A8BE-7D63F70E3FBF} = {241F0BED-1992-44B7-8B1B-7EBB3C82010C}
		{B747AE53-26B0-4CC2-A9BF-A96D038F8501} = {BCB2EAC4-18E1-4CD2-A155-3F6F24AE5C3C}
		{FF26C1F3-8D3F-49A0-9820-1A7DCD4B52DC} = {241F0BED-1992-44B7-8B1B-7EBB3C82010C}
	EndGlobalSection
EndGlobal
