
Microsoft Visual Studio Solution File, Format Version 12.00
# Visual Studio Version 16
VisualStudioVersion = 16.0.30114.105
MinimumVisualStudioVersion = 10.0.40219.1
Project("{2150E333-8FDC-42A3-9474-1A3956D46DE8}") = "Root", "Root", "{3C4B05AC-4491-4F75-AFA8-B6C5DA12AF52}"
ProjectSection(SolutionItems) = preProject
	project.props = project.props
	.gitignore = .gitignore
	.editorconfig = .editorconfig
	README.md = README.md
EndProjectSection
EndProject
Project("{2150E333-8FDC-42A3-9474-1A3956D46DE8}") = "Source", "Source", "{637AEE24-B83F-4DDC-9F9F-172FF53E295F}"
EndProject
Project("{2150E333-8FDC-42A3-9474-1A3956D46DE8}") = "Test", "Test", "{1E5D734C-2A8A-49B0-A545-8C9D11CE0E66}"
EndProject
Project("{2150E333-8FDC-42A3-9474-1A3956D46DE8}") = "Core", "Core", "{BFF2CABC-C314-4ECF-BF5E-214227DA6BA3}"
EndProject
Project("{2150E333-8FDC-42A3-9474-1A3956D46DE8}") = "Infrastructure", "Infrastructure", "{36A1F66C-3B73-4DA9-9F1B-F8D550619E29}"
EndProject
Project("{2150E333-8FDC-42A3-9474-1A3956D46DE8}") = "UserInterface", "UserInterface", "{F7BB8A7C-7F65-4D1E-82A1-B66EEA7AAB1F}"
EndProject
Project("{2150E333-8FDC-42A3-9474-1A3956D46DE8}") = "End2End", "End2End", "{302C1933-ED24-480B-81EC-D422519E24D1}"
EndProject
Project("{2150E333-8FDC-42A3-9474-1A3956D46DE8}") = "Integration", "Integration", "{5B354039-0319-4173-89E4-9BD9404771B3}"
EndProject
Project("{2150E333-8FDC-42A3-9474-1A3956D46DE8}") = "Unit", "Unit", "{99953DAE-17A6-452C-9291-F8ABD509F9B9}"
EndProject
Project("{2150E333-8FDC-42A3-9474-1A3956D46DE8}") = "App", "App", "{DEB1CC81-5140-413F-ABFA-7F7EE0C204FF}"
EndProject
Project("{2150E333-8FDC-42A3-9474-1A3956D46DE8}") = "Net", "Net", "{933479A8-A356-417C-B9BD-6ACE45E40ACE}"
EndProject
Project("{2150E333-8FDC-42A3-9474-1A3956D46DE8}") = "Tool", "Tool", "{8D1D5076-DE28-46FE-BCB6-C4E639A35036}"
EndProject
Project("{2150E333-8FDC-42A3-9474-1A3956D46DE8}") = "Worker", "Worker", "{4A806D51-8798-4E61-9143-C72A51EB1924}"
EndProject
Project("{2150E333-8FDC-42A3-9474-1A3956D46DE8}") = "Data", "Data", "{E2E3D35C-5261-4D4C-BB79-023C895F2EAB}"
EndProject
Project("{2150E333-8FDC-42A3-9474-1A3956D46DE8}") = "Gateway", "Gateway", "{81F0A241-7F95-40BB-AE03-8C0ED1463609}"
EndProject
Project("{2150E333-8FDC-42A3-9474-1A3956D46DE8}") = "Util", "Util", "{D7BDAE20-C593-4273-A256-A4A4BC6DD423}"
EndProject
Project("{FAE04EC0-301F-11D3-BF4B-00C04F79EFBC}") = "E5R.Architecture.Template.FullSolution", "src\E5R.Architecture.Template.FullSolution\E5R.Architecture.Template.FullSolution.csproj", "{8C9A1BA6-1B95-4C0C-B362-EB45E5522E94}"
EndProject
Project("{FAE04EC0-301F-11D3-BF4B-00C04F79EFBC}") = "E5R.Architecture.Template.FullSolution.Domain", "src\E5R.Architecture.Template.FullSolution.Domain\E5R.Architecture.Template.FullSolution.Domain.csproj", "{2D633489-16DF-4843-B417-6E1250B3D64D}"
EndProject
Project("{FAE04EC0-301F-11D3-BF4B-00C04F79EFBC}") = "E5R.Architecture.Template.FullSolution.UnitTest", "test\E5R.Architecture.Template.FullSolution.UnitTest\E5R.Architecture.Template.FullSolution.UnitTest.csproj", "{7B143A4D-AB96-43B5-84FE-3CA7583BB7BB}"
EndProject
Global
	GlobalSection(SolutionConfigurationPlatforms) = preSolution
		Debug|Any CPU = Debug|Any CPU
		Debug|x64 = Debug|x64
		Debug|x86 = Debug|x86
		Release|Any CPU = Release|Any CPU
		Release|x64 = Release|x64
		Release|x86 = Release|x86
	EndGlobalSection
	GlobalSection(SolutionProperties) = preSolution
		HideSolutionNode = FALSE
	EndGlobalSection
	GlobalSection(NestedProjects) = preSolution
		{BFF2CABC-C314-4ECF-BF5E-214227DA6BA3} = {637AEE24-B83F-4DDC-9F9F-172FF53E295F}
		{36A1F66C-3B73-4DA9-9F1B-F8D550619E29} = {637AEE24-B83F-4DDC-9F9F-172FF53E295F}
		{F7BB8A7C-7F65-4D1E-82A1-B66EEA7AAB1F} = {637AEE24-B83F-4DDC-9F9F-172FF53E295F}
		{302C1933-ED24-480B-81EC-D422519E24D1} = {1E5D734C-2A8A-49B0-A545-8C9D11CE0E66}
		{5B354039-0319-4173-89E4-9BD9404771B3} = {1E5D734C-2A8A-49B0-A545-8C9D11CE0E66}
		{99953DAE-17A6-452C-9291-F8ABD509F9B9} = {1E5D734C-2A8A-49B0-A545-8C9D11CE0E66}
		{DEB1CC81-5140-413F-ABFA-7F7EE0C204FF} = {F7BB8A7C-7F65-4D1E-82A1-B66EEA7AAB1F}
		{933479A8-A356-417C-B9BD-6ACE45E40ACE} = {F7BB8A7C-7F65-4D1E-82A1-B66EEA7AAB1F}
		{8D1D5076-DE28-46FE-BCB6-C4E639A35036} = {F7BB8A7C-7F65-4D1E-82A1-B66EEA7AAB1F}
		{4A806D51-8798-4E61-9143-C72A51EB1924} = {F7BB8A7C-7F65-4D1E-82A1-B66EEA7AAB1F}
		{E2E3D35C-5261-4D4C-BB79-023C895F2EAB} = {36A1F66C-3B73-4DA9-9F1B-F8D550619E29}
		{81F0A241-7F95-40BB-AE03-8C0ED1463609} = {36A1F66C-3B73-4DA9-9F1B-F8D550619E29}
		{D7BDAE20-C593-4273-A256-A4A4BC6DD423} = {36A1F66C-3B73-4DA9-9F1B-F8D550619E29}
		{8C9A1BA6-1B95-4C0C-B362-EB45E5522E94} = {BFF2CABC-C314-4ECF-BF5E-214227DA6BA3}
		{2D633489-16DF-4843-B417-6E1250B3D64D} = {BFF2CABC-C314-4ECF-BF5E-214227DA6BA3}
		{7B143A4D-AB96-43B5-84FE-3CA7583BB7BB} = {99953DAE-17A6-452C-9291-F8ABD509F9B9}
	EndGlobalSection
	GlobalSection(ProjectConfigurationPlatforms) = postSolution
		{8C9A1BA6-1B95-4C0C-B362-EB45E5522E94}.Debug|Any CPU.ActiveCfg = Debug|Any CPU
		{8C9A1BA6-1B95-4C0C-B362-EB45E5522E94}.Debug|Any CPU.Build.0 = Debug|Any CPU
		{8C9A1BA6-1B95-4C0C-B362-EB45E5522E94}.Debug|x64.ActiveCfg = Debug|Any CPU
		{8C9A1BA6-1B95-4C0C-B362-EB45E5522E94}.Debug|x64.Build.0 = Debug|Any CPU
		{8C9A1BA6-1B95-4C0C-B362-EB45E5522E94}.Debug|x86.ActiveCfg = Debug|Any CPU
		{8C9A1BA6-1B95-4C0C-B362-EB45E5522E94}.Debug|x86.Build.0 = Debug|Any CPU
		{8C9A1BA6-1B95-4C0C-B362-EB45E5522E94}.Release|Any CPU.ActiveCfg = Release|Any CPU
		{8C9A1BA6-1B95-4C0C-B362-EB45E5522E94}.Release|Any CPU.Build.0 = Release|Any CPU
		{8C9A1BA6-1B95-4C0C-B362-EB45E5522E94}.Release|x64.ActiveCfg = Release|Any CPU
		{8C9A1BA6-1B95-4C0C-B362-EB45E5522E94}.Release|x64.Build.0 = Release|Any CPU
		{8C9A1BA6-1B95-4C0C-B362-EB45E5522E94}.Release|x86.ActiveCfg = Release|Any CPU
		{8C9A1BA6-1B95-4C0C-B362-EB45E5522E94}.Release|x86.Build.0 = Release|Any CPU
		{2D633489-16DF-4843-B417-6E1250B3D64D}.Debug|Any CPU.ActiveCfg = Debug|Any CPU
		{2D633489-16DF-4843-B417-6E1250B3D64D}.Debug|Any CPU.Build.0 = Debug|Any CPU
		{2D633489-16DF-4843-B417-6E1250B3D64D}.Debug|x64.ActiveCfg = Debug|Any CPU
		{2D633489-16DF-4843-B417-6E1250B3D64D}.Debug|x64.Build.0 = Debug|Any CPU
		{2D633489-16DF-4843-B417-6E1250B3D64D}.Debug|x86.ActiveCfg = Debug|Any CPU
		{2D633489-16DF-4843-B417-6E1250B3D64D}.Debug|x86.Build.0 = Debug|Any CPU
		{2D633489-16DF-4843-B417-6E1250B3D64D}.Release|Any CPU.ActiveCfg = Release|Any CPU
		{2D633489-16DF-4843-B417-6E1250B3D64D}.Release|Any CPU.Build.0 = Release|Any CPU
		{2D633489-16DF-4843-B417-6E1250B3D64D}.Release|x64.ActiveCfg = Release|Any CPU
		{2D633489-16DF-4843-B417-6E1250B3D64D}.Release|x64.Build.0 = Release|Any CPU
		{2D633489-16DF-4843-B417-6E1250B3D64D}.Release|x86.ActiveCfg = Release|Any CPU
		{2D633489-16DF-4843-B417-6E1250B3D64D}.Release|x86.Build.0 = Release|Any CPU
		{7B143A4D-AB96-43B5-84FE-3CA7583BB7BB}.Debug|Any CPU.ActiveCfg = Debug|Any CPU
		{7B143A4D-AB96-43B5-84FE-3CA7583BB7BB}.Debug|Any CPU.Build.0 = Debug|Any CPU
		{7B143A4D-AB96-43B5-84FE-3CA7583BB7BB}.Debug|x64.ActiveCfg = Debug|Any CPU
		{7B143A4D-AB96-43B5-84FE-3CA7583BB7BB}.Debug|x64.Build.0 = Debug|Any CPU
		{7B143A4D-AB96-43B5-84FE-3CA7583BB7BB}.Debug|x86.ActiveCfg = Debug|Any CPU
		{7B143A4D-AB96-43B5-84FE-3CA7583BB7BB}.Debug|x86.Build.0 = Debug|Any CPU
		{7B143A4D-AB96-43B5-84FE-3CA7583BB7BB}.Release|Any CPU.ActiveCfg = Release|Any CPU
		{7B143A4D-AB96-43B5-84FE-3CA7583BB7BB}.Release|Any CPU.Build.0 = Release|Any CPU
		{7B143A4D-AB96-43B5-84FE-3CA7583BB7BB}.Release|x64.ActiveCfg = Release|Any CPU
		{7B143A4D-AB96-43B5-84FE-3CA7583BB7BB}.Release|x64.Build.0 = Release|Any CPU
		{7B143A4D-AB96-43B5-84FE-3CA7583BB7BB}.Release|x86.ActiveCfg = Release|Any CPU
		{7B143A4D-AB96-43B5-84FE-3CA7583BB7BB}.Release|x86.Build.0 = Release|Any CPU
	EndGlobalSection
EndGlobal
